// !$*UTF8*$!
{
	archiveVersion = 1;
	classes = {
	};
	objectVersion = 46;
	objects = {

/* Begin PBXBuildFile section */
		93672A241305E5DE0081BF4C /* main.c in Sources */ = {isa = PBXBuildFile; fileRef = 93672A231305E5DE0081BF4C /* main.c */; };
/* End PBXBuildFile section */

/* Begin PBXCopyFilesBuildPhase section */
		93672A1D1305E5DE0081BF4C /* CopyFiles */ = {
			isa = PBXCopyFilesBuildPhase;
			buildActionMask = 2147483647;
			dstPath = /usr/share/man/man1/;
			dstSubfolderSpec = 0;
			files = (
			);
			runOnlyForDeploymentPostprocessing = 1;
		};
/* End PBXCopyFilesBuildPhase section */

/* Begin PBXFileReference section */
		93672A1F1305E5DE0081BF4C /* MandelGL */ = {isa = PBXFileReference; explicitFileType = "compiled.mach-o.executable"; includeInIndex = 0; path = MandelGL; sourceTree = BUILT_PRODUCTS_DIR; };
		93672A231305E5DE0081BF4C /* main.c */ = {isa = PBXFileReference; lastKnownFileType = sourcecode.c.c; path = main.c; sourceTree = "<group>"; };
		93672A251305E5DE0081BF4C /* MandelGL.1 */ = {isa = PBXFileReference; lastKnownFileType = text.man; path = MandelGL.1; sourceTree = "<group>"; };
/* End PBXFileReference section */

/* Begin PBXFrameworksBuildPhase section */
		93672A1C1305E5DE0081BF4C /* Frameworks */ = {
			isa = PBXFrameworksBuildPhase;
			buildActionMask = 2147483647;
			files = (
			);
			runOnlyForDeploymentPostprocessing = 0;
		};
/* End PBXFrameworksBuildPhase section */

/* Begin PBXGroup section */
		93672A141305E5DE0081BF4C = {
			isa = PBXGroup;
			children = (
				93672A221305E5DE0081BF4C /* MandelGL */,
				93672A201305E5DE0081BF4C /* Products */,
			);
			sourceTree = "<group>";
		};
		93672A201305E5DE0081BF4C /* Products */ = {
			isa = PBXGroup;
			children = (
				93672A1F1305E5DE0081BF4C /* MandelGL */,
			);
			name = Products;
			sourceTree = "<group>";
		};
		93672A221305E5DE0081BF4C /* MandelGL */ = {
			isa = PBXGroup;
			children = (
				93672A231305E5DE0081BF4C /* main.c */,
				93672A251305E5DE0081BF4C /* MandelGL.1 */,
			);
			path = MandelGL;
			sourceTree = "<group>";
		};
/* End PBXGroup section */

/* Begin PBXNativeTarget section */
		93672A1E1305E5DE0081BF4C /* MandelGL */ = {
			isa = PBXNativeTarget;
			buildConfigurationList = 93672A281305E5DE0081BF4C /* Build configuration list for PBXNativeTarget "MandelGL" */;
			buildPhases = (
				93672A1B1305E5DE0081BF4C /* Sources */,
				93672A1C1305E5DE0081BF4C /* Frameworks */,
				93672A1D1305E5DE0081BF4C /* CopyFiles */,
			);
			buildRules = (
			);
			dependencies = (
			);
			name = MandelGL;
			productName = MandelGL;
			productReference = 93672A1F1305E5DE0081BF4C /* MandelGL */;
			productType = "com.apple.product-type.tool";
		};
/* End PBXNativeTarget section */

/* Begin PBXProject section */
		93672A161305E5DE0081BF4C /* Project object */ = {
			isa = PBXProject;
			buildConfigurationList = 93672A191305E5DE0081BF4C /* Build configuration list for PBXProject "MandelGL" */;
			compatibilityVersion = "Xcode 3.2";
			developmentRegion = English;
			hasScannedForEncodings = 0;
			knownRegions = (
				en,
			);
			mainGroup = 93672A141305E5DE0081BF4C;
			productRefGroup = 93672A201305E5DE0081BF4C /* Products */;
			projectDirPath = "";
			projectRoot = "";
			targets = (
				93672A1E1305E5DE0081BF4C /* MandelGL */,
			);
		};
/* End PBXProject section */

/* Begin PBXSourcesBuildPhase section */
		93672A1B1305E5DE0081BF4C /* Sources */ = {
			isa = PBXSourcesBuildPhase;
			buildActionMask = 2147483647;
			files = (
				93672A241305E5DE0081BF4C /* main.c in Sources */,
			);
			runOnlyForDeploymentPostprocessing = 0;
		};
/* End PBXSourcesBuildPhase section */

/* Begin XCBuildConfiguration section */
		93672A261305E5DE0081BF4C /* Debug */ = {
			isa = XCBuildConfiguration;
			buildSettings = {
				ARCHS = "$(ARCHS_STANDARD_32_64_BIT)";
				GCC_C_LANGUAGE_STANDARD = gnu99;
				GCC_OPTIMIZATION_LEVEL = 0;
				GCC_PREPROCESSOR_DEFINITIONS = DEBUG;
				GCC_VERSION = com.apple.compilers.llvm.clang.1_0;
				GCC_WARN_64_TO_32_BIT_CONVERSION = YES;
				GCC_WARN_ABOUT_RETURN_TYPE = YES;
				GCC_WARN_UNUSED_VARIABLE = YES;
				MACOSX_DEPLOYMENT_TARGET = 10.6;
				ONLY_ACTIVE_ARCH = YES;
				SDKROOT = macosx;
			};
			name = Debug;
		};
		93672A271305E5DE0081BF4C /* Release */ = {
			isa = XCBuildConfiguration;
			buildSettings = {
				ARCHS = "$(ARCHS_STANDARD_32_64_BIT)";
				GCC_C_LANGUAGE_STANDARD = gnu99;
				GCC_VERSION = com.apple.compilers.llvm.clang.1_0;
				GCC_WARN_64_TO_32_BIT_CONVERSION = YES;
				GCC_WARN_ABOUT_RETURN_TYPE = YES;
				GCC_WARN_UNUSED_VARIABLE = YES;
				MACOSX_DEPLOYMENT_TARGET = 10.6;
				SDKROOT = macosx;
			};
			name = Release;
		};
		93672A291305E5DE0081BF4C /* Debug */ = {
			isa = XCBuildConfiguration;
			buildSettings = {
				ALWAYS_SEARCH_USER_PATHS = NO;
				COPY_PHASE_STRIP = NO;
				GCC_DYNAMIC_NO_PIC = NO;
				GCC_ENABLE_OBJC_EXCEPTIONS = YES;
				PRODUCT_NAME = "$(TARGET_NAME)";
			};
			name = Debug;
		};
		93672A2A1305E5DE0081BF4C /* Release */ = {
			isa = XCBuildConfiguration;
			buildSettings = {
				ALWAYS_SEARCH_USER_PATHS = NO;
				COPY_PHASE_STRIP = YES;
				DEBUG_INFORMATION_FORMAT = "dwarf-with-dsym";
				GCC_ENABLE_OBJC_EXCEPTIONS = YES;
				PRODUCT_NAME = "$(TARGET_NAME)";
			};
			name = Release;
		};
/* End XCBuildConfiguration section */

/* Begin XCConfigurationList section */
		93672A191305E5DE0081BF4C /* Build configuration list for PBXProject "MandelGL" */ = {
			isa = XCConfigurationList;
			buildConfigurations = (
				93672A261305E5DE0081BF4C /* Debug */,
				93672A271305E5DE0081BF4C /* Release */,
			);
			defaultConfigurationIsVisible = 0;
			defaultConfigurationName = Release;
		};
		93672A281305E5DE0081BF4C /* Build configuration list for PBXNativeTarget "MandelGL" */ = {
			isa = XCConfigurationList;
			buildConfigurations = (
				93672A291305E5DE0081BF4C /* Debug */,
				93672A2A1305E5DE0081BF4C /* Release */,
			);
			defaultConfigurationIsVisible = 0;
		};
/* End XCConfigurationList section */
	};
	rootObject = 93672A161305E5DE0081BF4C /* Project object */;
}
